// !$*UTF8*$!
{
	archiveVersion = 1;
	classes = {
	};
	objectVersion = 46;
	objects = {

/* Begin PBXBuildFile section */
		6AAC7F091A5C779C00AED0FC /* PlaySoundsViewController.swift in Sources */ = {isa = PBXBuildFile; fileRef = 6AAC7F081A5C779C00AED0FC /* PlaySoundsViewController.swift */; };
		6AAC7F0B1A5C7C1B00AED0FC /* movie_quote.mp3 in Resources */ = {isa = PBXBuildFile; fileRef = 6AAC7F0A1A5C7C1B00AED0FC /* movie_quote.mp3 */; };
		6ACE15EB1A5C9BD50033EBBE /* RecordedAudio.swift in Sources */ = {isa = PBXBuildFile; fileRef = 6ACE15EA1A5C9BD50033EBBE /* RecordedAudio.swift */; };
		6AE1F00F1A4B231D003DAACA /* AppDelegate.swift in Sources */ = {isa = PBXBuildFile; fileRef = 6AE1F00E1A4B231D003DAACA /* AppDelegate.swift */; };
		6AE1F0111A4B231D003DAACA /* RecordSoundsViewController.swift in Sources */ = {isa = PBXBuildFile; fileRef = 6AE1F0101A4B231D003DAACA /* RecordSoundsViewController.swift */; };
		6AE1F0141A4B231E003DAACA /* Main.storyboard in Resources */ = {isa = PBXBuildFile; fileRef = 6AE1F0121A4B231E003DAACA /* Main.storyboard */; };
		6AE1F0161A4B231E003DAACA /* Images.xcassets in Resources */ = {isa = PBXBuildFile; fileRef = 6AE1F0151A4B231E003DAACA /* Images.xcassets */; };
		6AE1F0191A4B231E003DAACA /* LaunchScreen.xib in Resources */ = {isa = PBXBuildFile; fileRef = 6AE1F0171A4B231E003DAACA /* LaunchScreen.xib */; };
		6AE1F0251A4B231E003DAACA /* Pitch_PerfectTests.swift in Sources */ = {isa = PBXBuildFile; fileRef = 6AE1F0241A4B231E003DAACA /* Pitch_PerfectTests.swift */; };
/* End PBXBuildFile section */

/* Begin PBXContainerItemProxy section */
		6AE1F01F1A4B231E003DAACA /* PBXContainerItemProxy */ = {
			isa = PBXContainerItemProxy;
			containerPortal = 6AE1F0011A4B231D003DAACA /* Project object */;
			proxyType = 1;
			remoteGlobalIDString = 6AE1F0081A4B231D003DAACA;
			remoteInfo = "Pitch Perfect";
		};
/* End PBXContainerItemProxy section */

/* Begin PBXFileReference section */
		6AAC7F081A5C779C00AED0FC /* PlaySoundsViewController.swift */ = {isa = PBXFileReference; fileEncoding = 4; lastKnownFileType = sourcecode.swift; path = PlaySoundsViewController.swift; sourceTree = "<group>"; };
		6AAC7F0A1A5C7C1B00AED0FC /* movie_quote.mp3 */ = {isa = PBXFileReference; lastKnownFileType = audio.mp3; path = movie_quote.mp3; sourceTree = "<group>"; };
		6ACE15EA1A5C9BD50033EBBE /* RecordedAudio.swift */ = {isa = PBXFileReference; fileEncoding = 4; lastKnownFileType = sourcecode.swift; path = RecordedAudio.swift; sourceTree = "<group>"; };
		6AE1F0091A4B231D003DAACA /* Pitch Perfect.app */ = {isa = PBXFileReference; explicitFileType = wrapper.application; includeInIndex = 0; path = "Pitch Perfect.app"; sourceTree = BUILT_PRODUCTS_DIR; };
		6AE1F00D1A4B231D003DAACA /* Info.plist */ = {isa = PBXFileReference; lastKnownFileType = text.plist.xml; path = Info.plist; sourceTree = "<group>"; };
		6AE1F00E1A4B231D003DAACA /* AppDelegate.swift */ = {isa = PBXFileReference; lastKnownFileType = sourcecode.swift; path = AppDelegate.swift; sourceTree = "<group>"; };
		6AE1F0101A4B231D003DAACA /* RecordSoundsViewController.swift */ = {isa = PBXFileReference; lastKnownFileType = sourcecode.swift; path = RecordSoundsViewController.swift; sourceTree = "<group>"; };
		6AE1F0131A4B231E003DAACA /* Base */ = {isa = PBXFileReference; lastKnownFileType = file.storyboard; name = Base; path = Base.lproj/Main.storyboard; sourceTree = "<group>"; };
		6AE1F0151A4B231E003DAACA /* Images.xcassets */ = {isa = PBXFileReference; lastKnownFileType = folder.assetcatalog; path = Images.xcassets; sourceTree = "<group>"; };
		6AE1F0181A4B231E003DAACA /* Base */ = {isa = PBXFileReference; lastKnownFileType = file.xib; name = Base; path = Base.lproj/LaunchScreen.xib; sourceTree = "<group>"; };
		6AE1F01E1A4B231E003DAACA /* Pitch PerfectTests.xctest */ = {isa = PBXFileReference; explicitFileType = wrapper.cfbundle; includeInIndex = 0; path = "Pitch PerfectTests.xctest"; sourceTree = BUILT_PRODUCTS_DIR; };
		6AE1F0231A4B231E003DAACA /* Info.plist */ = {isa = PBXFileReference; lastKnownFileType = text.plist.xml; path = Info.plist; sourceTree = "<group>"; };
		6AE1F0241A4B231E003DAACA /* Pitch_PerfectTests.swift */ = {isa = PBXFileReference; lastKnownFileType = sourcecode.swift; path = Pitch_PerfectTests.swift; sourceTree = "<group>"; };
/* End PBXFileReference section */

/* Begin PBXFrameworksBuildPhase section */
		6AE1F0061A4B231D003DAACA /* Frameworks */ = {
			isa = PBXFrameworksBuildPhase;
			buildActionMask = 2147483647;
			files = (
			);
			runOnlyForDeploymentPostprocessing = 0;
		};
		6AE1F01B1A4B231E003DAACA /* Frameworks */ = {
			isa = PBXFrameworksBuildPhase;
			buildActionMask = 2147483647;
			files = (
			);
			runOnlyForDeploymentPostprocessing = 0;
		};
/* End PBXFrameworksBuildPhase section */

/* Begin PBXGroup section */
		6AE1F0001A4B231D003DAACA = {
			isa = PBXGroup;
			children = (
				6AE1F00B1A4B231D003DAACA /* Pitch Perfect */,
				6AE1F0211A4B231E003DAACA /* Pitch PerfectTests */,
				6AE1F00A1A4B231D003DAACA /* Products */,
			);
			sourceTree = "<group>";
		};
		6AE1F00A1A4B231D003DAACA /* Products */ = {
			isa = PBXGroup;
			children = (
				6AE1F0091A4B231D003DAACA /* Pitch Perfect.app */,
				6AE1F01E1A4B231E003DAACA /* Pitch PerfectTests.xctest */,
			);
			name = Products;
			sourceTree = "<group>";
		};
		6AE1F00B1A4B231D003DAACA /* Pitch Perfect */ = {
			isa = PBXGroup;
			children = (
				6AAC7F081A5C779C00AED0FC /* PlaySoundsViewController.swift */,
				6AE1F00E1A4B231D003DAACA /* AppDelegate.swift */,
				6AE1F0101A4B231D003DAACA /* RecordSoundsViewController.swift */,
				6ACE15EA1A5C9BD50033EBBE /* RecordedAudio.swift */,
				6AE1F0121A4B231E003DAACA /* Main.storyboard */,
				6AE1F0151A4B231E003DAACA /* Images.xcassets */,
				6AE1F0171A4B231E003DAACA /* LaunchScreen.xib */,
				6AE1F00C1A4B231D003DAACA /* Supporting Files */,
			);
			path = "Pitch Perfect";
			sourceTree = "<group>";
		};
		6AE1F00C1A4B231D003DAACA /* Supporting Files */ = {
			isa = PBXGroup;
			children = (
				6AAC7F0A1A5C7C1B00AED0FC /* movie_quote.mp3 */,
				6AE1F00D1A4B231D003DAACA /* Info.plist */,
			);
			name = "Supporting Files";
			sourceTree = "<group>";
		};
		6AE1F0211A4B231E003DAACA /* Pitch PerfectTests */ = {
			isa = PBXGroup;
			children = (
				6AE1F0241A4B231E003DAACA /* Pitch_PerfectTests.swift */,
				6AE1F0221A4B231E003DAACA /* Supporting Files */,
			);
			path = "Pitch PerfectTests";
			sourceTree = "<group>";
		};
		6AE1F0221A4B231E003DAACA /* Supporting Files */ = {
			isa = PBXGroup;
			children = (
				6AE1F0231A4B231E003DAACA /* Info.plist */,
			);
			name = "Supporting Files";
			sourceTree = "<group>";
		};
/* End PBXGroup section */

/* Begin PBXNativeTarget section */
		6AE1F0081A4B231D003DAACA /* Pitch Perfect */ = {
			isa = PBXNativeTarget;
			buildConfigurationList = 6AE1F0281A4B231E003DAACA /* Build configuration list for PBXNativeTarget "Pitch Perfect" */;
			buildPhases = (
				6AE1F0051A4B231D003DAACA /* Sources */,
				6AE1F0061A4B231D003DAACA /* Frameworks */,
				6AE1F0071A4B231D003DAACA /* Resources */,
			);
			buildRules = (
			);
			dependencies = (
			);
			name = "Pitch Perfect";
			productName = "Pitch Perfect";
			productReference = 6AE1F0091A4B231D003DAACA /* Pitch Perfect.app */;
			productType = "com.apple.product-type.application";
		};
		6AE1F01D1A4B231E003DAACA /* Pitch PerfectTests */ = {
			isa = PBXNativeTarget;
			buildConfigurationList = 6AE1F02B1A4B231E003DAACA /* Build configuration list for PBXNativeTarget "Pitch PerfectTests" */;
			buildPhases = (
				6AE1F01A1A4B231E003DAACA /* Sources */,
				6AE1F01B1A4B231E003DAACA /* Frameworks */,
				6AE1F01C1A4B231E003DAACA /* Resources */,
			);
			buildRules = (
			);
			dependencies = (
				6AE1F0201A4B231E003DAACA /* PBXTargetDependency */,
			);
			name = "Pitch PerfectTests";
			productName = "Pitch PerfectTests";
			productReference = 6AE1F01E1A4B231E003DAACA /* Pitch PerfectTests.xctest */;
			productType = "com.apple.product-type.bundle.unit-test";
		};
/* End PBXNativeTarget section */

/* Begin PBXProject section */
		6AE1F0011A4B231D003DAACA /* Project object */ = {
			isa = PBXProject;
			attributes = {
				LastUpgradeCheck = 0610;
				ORGANIZATIONNAME = "Afonso Graça";
				TargetAttributes = {
					6AE1F0081A4B231D003DAACA = {
						CreatedOnToolsVersion = 6.1.1;
					};
					6AE1F01D1A4B231E003DAACA = {
						CreatedOnToolsVersion = 6.1.1;
						TestTargetID = 6AE1F0081A4B231D003DAACA;
					};
				};
			};
			buildConfigurationList = 6AE1F0041A4B231D003DAACA /* Build configuration list for PBXProject "Pitch Perfect" */;
			compatibilityVersion = "Xcode 3.2";
			developmentRegion = English;
			hasScannedForEncodings = 0;
			knownRegions = (
				en,
				Base,
			);
			mainGroup = 6AE1F0001A4B231D003DAACA;
			productRefGroup = 6AE1F00A1A4B231D003DAACA /* Products */;
			projectDirPath = "";
			projectRoot = "";
			targets = (
				6AE1F0081A4B231D003DAACA /* Pitch Perfect */,
				6AE1F01D1A4B231E003DAACA /* Pitch PerfectTests */,
			);
		};
/* End PBXProject section */

/* Begin PBXResourcesBuildPhase section */
		6AE1F0071A4B231D003DAACA /* Resources */ = {
			isa = PBXResourcesBuildPhase;
			buildActionMask = 2147483647;
			files = (
				6AE1F0141A4B231E003DAACA /* Main.storyboard in Resources */,
				6AE1F0191A4B231E003DAACA /* LaunchScreen.xib in Resources */,
				6AAC7F0B1A5C7C1B00AED0FC /* movie_quote.mp3 in Resources */,
				6AE1F0161A4B231E003DAACA /* Images.xcassets in Resources */,
			);
			runOnlyForDeploymentPostprocessing = 0;
		};
		6AE1F01C1A4B231E003DAACA /* Resources */ = {
			isa = PBXResourcesBuildPhase;
			buildActionMask = 2147483647;
			files = (
			);
			runOnlyForDeploymentPostprocessing = 0;
		};
/* End PBXResourcesBuildPhase section */

/* Begin PBXSourcesBuildPhase section */
		6AE1F0051A4B231D003DAACA /* Sources */ = {
			isa = PBXSourcesBuildPhase;
			buildActionMask = 2147483647;
			files = (
				6ACE15EB1A5C9BD50033EBBE /* RecordedAudio.swift in Sources */,
				6AE1F0111A4B231D003DAACA /* RecordSoundsViewController.swift in Sources */,
				6AAC7F091A5C779C00AED0FC /* PlaySoundsViewController.swift in Sources */,
				6AE1F00F1A4B231D003DAACA /* AppDelegate.swift in Sources */,
			);
			runOnlyForDeploymentPostprocessing = 0;
		};
		6AE1F01A1A4B231E003DAACA /* Sources */ = {
			isa = PBXSourcesBuildPhase;
			buildActionMask = 2147483647;
			files = (
				6AE1F0251A4B231E003DAACA /* Pitch_PerfectTests.swift in Sources */,
			);
			runOnlyForDeploymentPostprocessing = 0;
		};
/* End PBXSourcesBuildPhase section */

/* Begin PBXTargetDependency section */
		6AE1F0201A4B231E003DAACA /* PBXTargetDependency */ = {
			isa = PBXTargetDependency;
			target = 6AE1F0081A4B231D003DAACA /* Pitch Perfect */;
			targetProxy = 6AE1F01F1A4B231E003DAACA /* PBXContainerItemProxy */;
		};
/* End PBXTargetDependency section */

/* Begin PBXVariantGroup section */
		6AE1F0121A4B231E003DAACA /* Main.storyboard */ = {
			isa = PBXVariantGroup;
			children = (
				6AE1F0131A4B231E003DAACA /* Base */,
			);
			name = Main.storyboard;
			sourceTree = "<group>";
		};
		6AE1F0171A4B231E003DAACA /* LaunchScreen.xib */ = {
			isa = PBXVariantGroup;
			children = (
				6AE1F0181A4B231E003DAACA /* Base */,
			);
			name = LaunchScreen.xib;
			sourceTree = "<group>";
		};
/* End PBXVariantGroup section */

/* Begin XCBuildConfiguration section */
		6AE1F0261A4B231E003DAACA /* Debug */ = {
			isa = XCBuildConfiguration;
			buildSettings = {
				ALWAYS_SEARCH_USER_PATHS = NO;
				CLANG_CXX_LANGUAGE_STANDARD = "gnu++0x";
				CLANG_CXX_LIBRARY = "libc++";
				CLANG_ENABLE_MODULES = YES;
				CLANG_ENABLE_OBJC_ARC = YES;
				CLANG_WARN_BOOL_CONVERSION = YES;
				CLANG_WARN_CONSTANT_CONVERSION = YES;
				CLANG_WARN_DIRECT_OBJC_ISA_USAGE = YES_ERROR;
				CLANG_WARN_EMPTY_BODY = YES;
				CLANG_WARN_ENUM_CONVERSION = YES;
				CLANG_WARN_INT_CONVERSION = YES;
				CLANG_WARN_OBJC_ROOT_CLASS = YES_ERROR;
				CLANG_WARN_UNREACHABLE_CODE = YES;
				CLANG_WARN__DUPLICATE_METHOD_MATCH = YES;
				"CODE_SIGN_IDENTITY[sdk=iphoneos*]" = "iPhone Developer";
				COPY_PHASE_STRIP = NO;
				ENABLE_STRICT_OBJC_MSGSEND = YES;
				GCC_C_LANGUAGE_STANDARD = gnu99;
				GCC_DYNAMIC_NO_PIC = NO;
				GCC_OPTIMIZATION_LEVEL = 0;
				GCC_PREPROCESSOR_DEFINITIONS = (
					"DEBUG=1",
					"$(inherited)",
				);
				GCC_SYMBOLS_PRIVATE_EXTERN = NO;
				GCC_WARN_64_TO_32_BIT_CONVERSION = YES;
				GCC_WARN_ABOUT_RETURN_TYPE = YES_ERROR;
				GCC_WARN_UNDECLARED_SELECTOR = YES;
				GCC_WARN_UNINITIALIZED_AUTOS = YES_AGGRESSIVE;
				GCC_WARN_UNUSED_FUNCTION = YES;
				GCC_WARN_UNUSED_VARIABLE = YES;
				IPHONEOS_DEPLOYMENT_TARGET = 8.1;
				MTL_ENABLE_DEBUG_INFO = YES;
				ONLY_ACTIVE_ARCH = YES;
				SDKROOT = iphoneos;
				SWIFT_OPTIMIZATION_LEVEL = "-Onone";
				TARGETED_DEVICE_FAMILY = "1,2";
			};
			name = Debug;
		};
		6AE1F0271A4B231E003DAACA /* Release */ = {
			isa = XCBuildConfiguration;
			buildSettings = {
				ALWAYS_SEARCH_USER_PATHS = NO;
				CLANG_CXX_LANGUAGE_STANDARD = "gnu++0x";
				CLANG_CXX_LIBRARY = "libc++";
				CLANG_ENABLE_MODULES = YES;
				CLANG_ENABLE_OBJC_ARC = YES;
				CLANG_WARN_BOOL_CONVERSION = YES;
				CLANG_WARN_CONSTANT_CONVERSION = YES;
				CLANG_WARN_DIRECT_OBJC_ISA_USAGE = YES_ERROR;
				CLANG_WARN_EMPTY_BODY = YES;
				CLANG_WARN_ENUM_CONVERSION = YES;
				CLANG_WARN_INT_CONVERSION = YES;
				CLANG_WARN_OBJC_ROOT_CLASS = YES_ERROR;
				CLANG_WARN_UNREACHABLE_CODE = YES;
				CLANG_WARN__DUPLICATE_METHOD_MATCH = YES;
				"CODE_SIGN_IDENTITY[sdk=iphoneos*]" = "iPhone Developer";
				COPY_PHASE_STRIP = YES;
				ENABLE_NS_ASSERTIONS = NO;
				ENABLE_STRICT_OBJC_MSGSEND = YES;
				GCC_C_LANGUAGE_STANDARD = gnu99;
				GCC_WARN_64_TO_32_BIT_CONVERSION = YES;
				GCC_WARN_ABOUT_RETURN_TYPE = YES_ERROR;
				GCC_WARN_UNDECLARED_SELECTOR = YES;
				GCC_WARN_UNINITIALIZED_AUTOS = YES_AGGRESSIVE;
				GCC_WARN_UNUSED_FUNCTION = YES;
				GCC_WARN_UNUSED_VARIABLE = YES;
				IPHONEOS_DEPLOYMENT_TARGET = 8.1;
				MTL_ENABLE_DEBUG_INFO = NO;
				SDKROOT = iphoneos;
				TARGETED_DEVICE_FAMILY = "1,2";
				VALIDATE_PRODUCT = YES;
			};
			name = Release;
		};
		6AE1F0291A4B231E003DAACA /* Debug */ = {
			isa = XCBuildConfiguration;
			buildSettings = {
				ASSETCATALOG_COMPILER_APPICON_NAME = AppIcon;
				INFOPLIST_FILE = "Pitch Perfect/Info.plist";
				LD_RUNPATH_SEARCH_PATHS = "$(inherited) @executable_path/Frameworks";
				PRODUCT_NAME = "$(TARGET_NAME)";
			};
			name = Debug;
		};
		6AE1F02A1A4B231E003DAACA /* Release */ = {
			isa = XCBuildConfiguration;
			buildSettings = {
				ASSETCATALOG_COMPILER_APPICON_NAME = AppIcon;
				INFOPLIST_FILE = "Pitch Perfect/Info.plist";
				LD_RUNPATH_SEARCH_PATHS = "$(inherited) @executable_path/Frameworks";
				PRODUCT_NAME = "$(TARGET_NAME)";
			};
			name = Release;
		};
		6AE1F02C1A4B231E003DAACA /* Debug */ = {
			isa = XCBuildConfiguration;
			buildSettings = {
				BUNDLE_LOADER = "$(TEST_HOST)";
				FRAMEWORK_SEARCH_PATHS = (
					"$(SDKROOT)/Developer/Library/Frameworks",
					"$(inherited)",
				);
				GCC_PREPROCESSOR_DEFINITIONS = (
					"DEBUG=1",
					"$(inherited)",
				);
				INFOPLIST_FILE = "Pitch PerfectTests/Info.plist";
				LD_RUNPATH_SEARCH_PATHS = "$(inherited) @executable_path/Frameworks @loader_path/Frameworks";
				PRODUCT_NAME = "$(TARGET_NAME)";
				TEST_HOST = "$(BUILT_PRODUCTS_DIR)/Pitch Perfect.app/Pitch Perfect";
			};
			name = Debug;
		};
		6AE1F02D1A4B231E003DAACA /* Release */ = {
			isa = XCBuildConfiguration;
			buildSettings = {
				BUNDLE_LOADER = "$(TEST_HOST)";
				FRAMEWORK_SEARCH_PATHS = (
					"$(SDKROOT)/Developer/Library/Frameworks",
					"$(inherited)",
				);
				INFOPLIST_FILE = "Pitch PerfectTests/Info.plist";
				LD_RUNPATH_SEARCH_PATHS = "$(inherited) @executable_path/Frameworks @loader_path/Frameworks";
				PRODUCT_NAME = "$(TARGET_NAME)";
				TEST_HOST = "$(BUILT_PRODUCTS_DIR)/Pitch Perfect.app/Pitch Perfect";
			};
			name = Release;
		};
/* End XCBuildConfiguration section */

/* Begin XCConfigurationList section */
		6AE1F0041A4B231D003DAACA /* Build configuration list for PBXProject "Pitch Perfect" */ = {
			isa = XCConfigurationList;
			buildConfigurations = (
				6AE1F0261A4B231E003DAACA /* Debug */,
				6AE1F0271A4B231E003DAACA /* Release */,
			);
			defaultConfigurationIsVisible = 0;
			defaultConfigurationName = Release;
		};
		6AE1F0281A4B231E003DAACA /* Build configuration list for PBXNativeTarget "Pitch Perfect" */ = {
			isa = XCConfigurationList;
			buildConfigurations = (
				6AE1F0291A4B231E003DAACA /* Debug */,
				6AE1F02A1A4B231E003DAACA /* Release */,
			);
			defaultConfigurationIsVisible = 0;
			defaultConfigurationName = Release;
		};
		6AE1F02B1A4B231E003DAACA /* Build configuration list for PBXNativeTarget "Pitch PerfectTests" */ = {
			isa = XCConfigurationList;
			buildConfigurations = (
				6AE1F02C1A4B231E003DAACA /* Debug */,
				6AE1F02D1A4B231E003DAACA /* Release */,
			);
			defaultConfigurationIsVisible = 0;
			defaultConfigurationName = Release;
		};
/* End XCConfigurationList section */
	};
	rootObject = 6AE1F0011A4B231D003DAACA /* Project object */;
}
